
Microsoft Visual Studio Solution File, Format Version 12.00
# Visual Studio Version 17
VisualStudioVersion = 17.1.32328.378
MinimumVisualStudioVersion = 10.0.40219.1
Project("{FAE04EC0-301F-11D3-BF4B-00C04F79EFBC}") = "ADO", "ADO\ADO.csproj", "{A05F9584-1D75-489C-88E2-4BEBEE9E609A}"
EndProject
Global
	GlobalSection(SolutionConfigurationPlatforms) = preSolution
		Debug|Any CPU = Debug|Any CPU
		Release|Any CPU = Release|Any CPU
	EndGlobalSection
	GlobalSection(ProjectConfigurationPlatforms) = postSolution
		{A05F9584-1D75-489C-88E2-4BEBEE9E609A}.Debug|Any CPU.ActiveCfg = Debug|Any CPU
		{A05F9584-1D75-489C-88E2-4BEBEE9E609A}.Debug|Any CPU.Build.0 = Debug|Any CPU
		{A05F9584-1D75-489C-88E2-4BEBEE9E609A}.Release|Any CPU.ActiveCfg = Release|Any CPU
		{A05F9584-1D75-489C-88E2-4BEBEE9E609A}.Release|Any CPU.Build.0 = Release|Any CPU
	EndGlobalSection
	GlobalSection(SolutionProperties) = preSolution
		HideSolutionNode = FALSE
	EndGlobalSection
	GlobalSection(ExtensibilityGlobals) = postSolution
		SolutionGuid = {02ECC4DF-4C8B-4A41-905D-8B7A4334C288}
	EndGlobalSection
EndGlobal
